# @generated - this file is auto-generated by `mise lock` https://mise.jdx.dev/dev-tools/mise-lock.html

lockfile_version = 3

[[tools.gh]]
version = "2.102.0"
backend = "aqua:cli/cli"
specifiers = ["2.102.0"]

[tools.gh."platforms.linux-arm64"]
checksum = "sha256:7862c86c72f43df3a2d93ddde6f473285b4e2af61b494849846827e513ef6484"
url = "https://github.com/cli/cli/releases/download/v2.102.0/gh_2.102.0_linux_arm64.tar.gz"
url_api = "https://api.github.com/repos/cli/cli/releases/assets/599854680"
provenance = "github-attestations"

[tools.gh."platforms.linux-x64"]
checksum = "sha256:bb766f710eef8ede859c18578c72c327597cd4c8a85b06001b1f3843c6019386"
url = "https://github.com/cli/cli/releases/download/v2.102.0/gh_2.102.0_linux_amd64.tar.gz"
url_api = "https://api.github.com/repos/cli/cli/releases/assets/599854672"
provenance = "github-attestations"

[tools.gh."platforms.macos-arm64"]
checksum = "sha256:da922c20d1792e5b2cbf375593d7a658acf034c12c84e007e71c76ef959c337e"
url = "https://github.com/cli/cli/releases/download/v2.102.0/gh_2.102.0_macOS_arm64.zip"
url_api = "https://api.github.com/repos/cli/cli/releases/assets/599854720"
provenance = "github-attestations"

[tools.gh."platforms.macos-x64"]
checksum = "sha256:b245f24eb2bf5f75b426b4c26da3651a107f8d5b6f4fddfbfccc5679041378b3"
url = "https://github.com/cli/cli/releases/download/v2.102.0/gh_2.102.0_macOS_amd64.zip"
url_api = "https://api.github.com/repos/cli/cli/releases/assets/599854716"
provenance = "github-attestations"

[tools.gh."platforms.windows-x64"]
checksum = "sha256:ae64e556ecc240b200f7eba60d550e4bb60d78e860e69dd88c449405b86067f4"
url = "https://github.com/cli/cli/releases/download/v2.102.0/gh_2.102.0_windows_amd64.zip"
url_api = "https://api.github.com/repos/cli/cli/releases/assets/599854760"
provenance = "github-attestations"

[[tools."github:gastownhall/beads"]]
version = "1.3.0"
backend = "github:gastownhall/beads"
specifiers = ["1.3.0"]

[tools."github:gastownhall/beads"."platforms.linux-arm64"]
checksum = "sha256:4ce9446a68edc13202b76c84a47d66fb3dad2787b6464c9522a108faf9c1c608"
url = "https://github.com/gastownhall/beads/releases/download/v1.3.0/beads_1.3.0_linux_arm64.tar.gz"
url_api = "https://api.github.com/repos/gastownhall/beads/releases/assets/566364067"
provenance = "github-attestations"

[tools."github:gastownhall/beads"."platforms.linux-x64"]
checksum = "sha256:2f92b904ecf35b607e44dc5c39229173af69c54f1183e8d709f1773540cdcf3b"
url = "https://github.com/gastownhall/beads/releases/download/v1.3.0/beads_1.3.0_linux_amd64.tar.gz"
url_api = "https://api.github.com/repos/gastownhall/beads/releases/assets/566364019"
provenance = "github-attestations"

[tools."github:gastownhall/beads"."platforms.macos-arm64"]
checksum = "sha256:7cc77367d0b84c50243a1108bc1f73648699211257d414b917540bf868e6bb85"
url = "https://github.com/gastownhall/beads/releases/download/v1.3.0/beads_1.3.0_darwin_arm64.tar.gz"
url_api = "https://api.github.com/repos/gastownhall/beads/releases/assets/566378329"
provenance = "github-attestations"

[tools."github:gastownhall/beads"."platforms.macos-x64"]
checksum = "sha256:dfd8a6918bc2a58a0dbc727f7e4039766e323dfa15e4ccab250d640851e290d5"
url = "https://github.com/gastownhall/beads/releases/download/v1.3.0/beads_1.3.0_darwin_amd64.tar.gz"
url_api = "https://api.github.com/repos/gastownhall/beads/releases/assets/566378411"
provenance = "github-attestations"

[tools."github:gastownhall/beads"."platforms.windows-x64"]
checksum = "sha256:fa4c72c5d27f68f906e89a759656b5a051b330088c4acc38fa445cbb561e5cdf"
url = "https://github.com/gastownhall/beads/releases/download/v1.3.0/beads_1.3.0_windows_amd64.zip"
url_api = "https://api.github.com/repos/gastownhall/beads/releases/assets/566364168"
provenance = "github-attestations"

[[tools.node]]
version = "24.21.0"
backend = "core:node"
specifiers = ["24.21.0"]

[tools.node."platforms.linux-arm64"]
checksum = "sha256:724282c3b43aec998aa9527380465b45d229e021b58035f5f4f63095eabfe5d5"
url = "https://nodejs.org/dist/v24.21.0/node-v24.21.0-linux-arm64.tar.gz"

[tools.node."platforms.linux-x64"]
checksum = "sha256:6e1db87ef58b8819e5d5402eff1536491b18edd8eb7bee5ef7897876e88dc5ff"
url = "https://nodejs.org/dist/v24.21.0/node-v24.21.0-linux-x64.tar.gz"

[tools.node."platforms.macos-arm64"]
checksum = "sha256:bed7eea5325e1108f32ce5228ddd6a5f0f08a499ee42aa7442aea583702f6057"
url = "https://nodejs.org/dist/v24.21.0/node-v24.21.0-darwin-arm64.tar.gz"

[tools.node."platforms.macos-x64"]
checksum = "sha256:1462cb3b3046b815cf8ea436d3da450ec1a9f11dac7e5a46b0ada5305d7e8097"
url = "https://nodejs.org/dist/v24.21.0/node-v24.21.0-darwin-x64.tar.gz"

[tools.node."platforms.windows-x64"]
checksum = "sha256:158f7685b44de51f6c0df1d153526cbcd3e1bc739a8dfc607721cef75de9e541"
url = "https://nodejs.org/dist/v24.21.0/node-v24.21.0-win-x64.zip"

[[tools.python]]
version = "3.12.15"
backend = "core:python"
specifiers = ["3.12.15"]

[tools.python."platforms.linux-arm64"]
checksum = "sha256:0b35f4dc08d58534eb82e024989e2db9873885dccd4f2a316ff55c0cec146123"
url = "https://github.com/astral-sh/python-build-standalone/releases/download/20261001/cpython-3.12.15+20261001-aarch64-unknown-linux-gnu-install_only_stripped.tar.gz"
provenance = "github-attestations"

[tools.python."platforms.linux-x64"]
checksum = "sha256:7bb1659e3235077b7f63d5b6eb6ce653c6fcd6c5041e9d5f73b42ce10421464d"
url = "https://github.com/astral-sh/python-build-standalone/releases/download/20261001/cpython-3.12.15+20261001-x86_64-unknown-linux-gnu-install_only_stripped.tar.gz"
provenance = "github-attestations"

[tools.python."platforms.macos-arm64"]
checksum = "sha256:10cab8f6ed6202fdd81637aa6eda4af8d5b7eaa8fc42f9df3c6bea4923de0d93"
url = "https://github.com/astral-sh/python-build-standalone/releases/download/20261001/cpython-3.12.15+20261001-aarch64-apple-darwin-install_only_stripped.tar.gz"
provenance = "github-attestations"

[tools.python."platforms.macos-x64"]
checksum = "sha256:d101ac54bc34afff54741406261325dc896b7b646a36a58fff4845ef0a00b2ce"
url = "https://github.com/astral-sh/python-build-standalone/releases/download/20261001/cpython-3.12.15+20261001-x86_64-apple-darwin-install_only_stripped.tar.gz"
provenance = "github-attestations"

[tools.python."platforms.windows-x64"]
checksum = "sha256:52124cee54126f3f360eaa378288f6f64c402c983a3c14c95eff67f4af986aaa"
url = "https://github.com/astral-sh/python-build-standalone/releases/download/20261001/cpython-3.12.15+20261001-x86_64-pc-windows-msvc-install_only_stripped.tar.gz"
provenance = "github-attestations"

[[tools.vale]]
version = "3.23.0"
backend = "aqua:vale-cli/vale"
specifiers = ["3.23.0"]

[tools.vale."platforms.linux-arm64"]
checksum = "sha256:45720aadcb01401ac394641287a2c74e094045a89a450f5edcf98c8969df0884"
url = "https://github.com/vale-cli/vale/releases/download/v3.23.0/vale_3.23.0_Linux_arm64.tar.gz"
url_api = "https://api.github.com/repos/vale-cli/vale/releases/assets/589026718"

[tools.vale."platforms.linux-x64"]
checksum = "sha256:cc35445a45186b8f0b01e11c01359694cf941e72cf6ab0fc44774f0e54c9d5fc"
url = "https://github.com/vale-cli/vale/releases/download/v3.23.0/vale_3.23.0_Linux_64-bit.tar.gz"
url_api = "https://api.github.com/repos/vale-cli/vale/releases/assets/589026726"

[tools.vale."platforms.macos-arm64"]
checksum = "sha256:b913574b2c83b541d8bc2d8938e53a58a2fb06bab15135efcc755afb074f4430"
url = "https://github.com/vale-cli/vale/releases/download/v3.23.0/vale_3.23.0_macOS_arm64.tar.gz"
url_api = "https://api.github.com/repos/vale-cli/vale/releases/assets/589026805"

[tools.vale."platforms.macos-x64"]
checksum = "sha256:416fdd3ba32e32dc71c87b479cb86757bb6437bcebc7a3e4a095e863b7ce583d"
url = "https://github.com/vale-cli/vale/releases/download/v3.23.0/vale_3.23.0_macOS_64-bit.tar.gz"
url_api = "https://api.github.com/repos/vale-cli/vale/releases/assets/589026720"

[tools.vale."platforms.windows-x64"]
checksum = "sha256:ea9a8048498b869be8475a01488cd056f60b769f2d450311b9c24f07d11edd57"
url = "https://github.com/vale-cli/vale/releases/download/v3.23.0/vale_3.23.0_Windows_64-bit.zip"
url_api = "https://api.github.com/repos/vale-cli/vale/releases/assets/589026724"
